
Microsoft Visual Studio Solution File, Format Version 12.00
# Visual Studio Version 16
VisualStudioVersion = 16.0.29519.181
MinimumVisualStudioVersion = 10.0.40219.1
Project("{FAE04EC0-301F-11D3-BF4B-00C04F79EFBC}") = "CompanyName.ProjectName.WebCoreApp", "CompanyName.ProjectName.WebCoreApp\CompanyName.ProjectName.WebCoreApp.csproj", "{F4F1CEB2-6EE9-471C-AFA0-9F7379D7CFED}"
EndProject
Global
	GlobalSection(SolutionConfigurationPlatforms) = preSolution
		Debug|Any CPU = Debug|Any CPU
		Release|Any CPU = Release|Any CPU
	EndGlobalSection
	GlobalSection(ProjectConfigurationPlatforms) = postSolution
		{F4F1CEB2-6EE9-471C-AFA0-9F7379D7CFED}.Debug|Any CPU.ActiveCfg = Debug|Any CPU
		{F4F1CEB2-6EE9-471C-AFA0-9F7379D7CFED}.Debug|Any CPU.Build.0 = Debug|Any CPU
		{F4F1CEB2-6EE9-471C-AFA0-9F7379D7CFED}.Release|Any CPU.ActiveCfg = Release|Any CPU
		{F4F1CEB2-6EE9-471C-AFA0-9F7379D7CFED}.Release|Any CPU.Build.0 = Release|Any CPU
	EndGlobalSection
	GlobalSection(SolutionProperties) = preSolution
		HideSolutionNode = FALSE
	EndGlobalSection
	GlobalSection(ExtensibilityGlobals) = postSolution
		SolutionGuid = {3ED3ECCF-5795-4B59-80CE-8B7533C8F252}
	EndGlobalSection
EndGlobal
